// !$*UTF8*$!
{
	archiveVersion = 1;
	classes = {
	};
	objectVersion = 46;
	objects = {

/* Begin PBXBuildFile section */
		FB3659771BDA0B5400BF087A /* main.m in Sources */ = {isa = PBXBuildFile; fileRef = FB3659761BDA0B5400BF087A /* main.m */; };
		FB36597A1BDA0B5400BF087A /* AppDelegate.m in Sources */ = {isa = PBXBuildFile; fileRef = FB3659791BDA0B5400BF087A /* AppDelegate.m */; };
		FB36597D1BDA0B5400BF087A /* ViewController.m in Sources */ = {isa = PBXBuildFile; fileRef = FB36597C1BDA0B5400BF087A /* ViewController.m */; };
		FB3659801BDA0B5400BF087A /* Main.storyboard in Resources */ = {isa = PBXBuildFile; fileRef = FB36597E1BDA0B5400BF087A /* Main.storyboard */; };
		FB3659821BDA0B5400BF087A /* Assets.xcassets in Resources */ = {isa = PBXBuildFile; fileRef = FB3659811BDA0B5400BF087A /* Assets.xcassets */; };
		FB3659851BDA0B5400BF087A /* LaunchScreen.storyboard in Resources */ = {isa = PBXBuildFile; fileRef = FB3659831BDA0B5400BF087A /* LaunchScreen.storyboard */; };
		FB3659931BDA0B6800BF087A /* BoRefreshAnimation.m in Sources */ = {isa = PBXBuildFile; fileRef = FB36598E1BDA0B6800BF087A /* BoRefreshAnimation.m */; };
		FB3659941BDA0B6800BF087A /* BoRefreshAutoStateFooter.m in Sources */ = {isa = PBXBuildFile; fileRef = FB3659901BDA0B6800BF087A /* BoRefreshAutoStateFooter.m */; };
		FB3659951BDA0B6800BF087A /* BoRefreshHeader.m in Sources */ = {isa = PBXBuildFile; fileRef = FB3659921BDA0B6800BF087A /* BoRefreshHeader.m */; };
		FB3659971BDA0B9000BF087A /* lightGrayLogo@2x.png in Resources */ = {isa = PBXBuildFile; fileRef = FB3659961BDA0B9000BF087A /* lightGrayLogo@2x.png */; };
		FB3659991BDA0B9900BF087A /* grayLogo@2x.png in Resources */ = {isa = PBXBuildFile; fileRef = FB3659981BDA0B9900BF087A /* grayLogo@2x.png */; };
		FB3659C71BDA0BAE00BF087A /* MJRefreshAutoFooter.m in Sources */ = {isa = PBXBuildFile; fileRef = FB36599D1BDA0BAE00BF087A /* MJRefreshAutoFooter.m */; };
		FB3659C81BDA0BAE00BF087A /* MJRefreshBackFooter.m in Sources */ = {isa = PBXBuildFile; fileRef = FB36599F1BDA0BAE00BF087A /* MJRefreshBackFooter.m */; };
		FB3659C91BDA0BAE00BF087A /* MJRefreshComponent.m in Sources */ = {isa = PBXBuildFile; fileRef = FB3659A11BDA0BAE00BF087A /* MJRefreshComponent.m */; };
		FB3659CA1BDA0BAE00BF087A /* MJRefreshFooter.m in Sources */ = {isa = PBXBuildFile; fileRef = FB3659A31BDA0BAE00BF087A /* MJRefreshFooter.m */; };
		FB3659CB1BDA0BAE00BF087A /* MJRefreshHeader.m in Sources */ = {isa = PBXBuildFile; fileRef = FB3659A51BDA0BAE00BF087A /* MJRefreshHeader.m */; };
		FB3659CC1BDA0BAE00BF087A /* MJRefreshAutoGifFooter.m in Sources */ = {isa = PBXBuildFile; fileRef = FB3659AA1BDA0BAE00BF087A /* MJRefreshAutoGifFooter.m */; };
		FB3659CD1BDA0BAE00BF087A /* MJRefreshAutoNormalFooter.m in Sources */ = {isa = PBXBuildFile; fileRef = FB3659AC1BDA0BAE00BF087A /* MJRefreshAutoNormalFooter.m */; };
		FB3659CE1BDA0BAE00BF087A /* MJRefreshAutoStateFooter.m in Sources */ = {isa = PBXBuildFile; fileRef = FB3659AE1BDA0BAE00BF087A /* MJRefreshAutoStateFooter.m */; };
		FB3659CF1BDA0BAE00BF087A /* MJRefreshBackGifFooter.m in Sources */ = {isa = PBXBuildFile; fileRef = FB3659B11BDA0BAE00BF087A /* MJRefreshBackGifFooter.m */; };
		FB3659D01BDA0BAE00BF087A /* MJRefreshBackNormalFooter.m in Sources */ = {isa = PBXBuildFile; fileRef = FB3659B31BDA0BAE00BF087A /* MJRefreshBackNormalFooter.m */; };
		FB3659D11BDA0BAE00BF087A /* MJRefreshBackStateFooter.m in Sources */ = {isa = PBXBuildFile; fileRef = FB3659B51BDA0BAE00BF087A /* MJRefreshBackStateFooter.m */; };
		FB3659D21BDA0BAE00BF087A /* MJRefreshGifHeader.m in Sources */ = {isa = PBXBuildFile; fileRef = FB3659B81BDA0BAE00BF087A /* MJRefreshGifHeader.m */; };
		FB3659D31BDA0BAE00BF087A /* MJRefreshNormalHeader.m in Sources */ = {isa = PBXBuildFile; fileRef = FB3659BA1BDA0BAE00BF087A /* MJRefreshNormalHeader.m */; };
		FB3659D41BDA0BAE00BF087A /* MJRefreshStateHeader.m in Sources */ = {isa = PBXBuildFile; fileRef = FB3659BC1BDA0BAE00BF087A /* MJRefreshStateHeader.m */; };
		FB3659D51BDA0BAE00BF087A /* MJRefresh.bundle in Resources */ = {isa = PBXBuildFile; fileRef = FB3659BD1BDA0BAE00BF087A /* MJRefresh.bundle */; };
		FB3659D61BDA0BAE00BF087A /* MJRefreshConst.m in Sources */ = {isa = PBXBuildFile; fileRef = FB3659C01BDA0BAE00BF087A /* MJRefreshConst.m */; };
		FB3659D71BDA0BAE00BF087A /* UIScrollView+MJExtension.m in Sources */ = {isa = PBXBuildFile; fileRef = FB3659C21BDA0BAE00BF087A /* UIScrollView+MJExtension.m */; };
		FB3659D81BDA0BAE00BF087A /* UIScrollView+MJRefresh.m in Sources */ = {isa = PBXBuildFile; fileRef = FB3659C41BDA0BAE00BF087A /* UIScrollView+MJRefresh.m */; };
		FB3659D91BDA0BAE00BF087A /* UIView+MJExtension.m in Sources */ = {isa = PBXBuildFile; fileRef = FB3659C61BDA0BAE00BF087A /* UIView+MJExtension.m */; };
		FB3659DC1BDA0BC400BF087A /* UIView+Additions.m in Sources */ = {isa = PBXBuildFile; fileRef = FB3659DB1BDA0BC400BF087A /* UIView+Additions.m */; };
		FB3659E31BDA10A400BF087A /* redLogo@2x.png in Resources */ = {isa = PBXBuildFile; fileRef = FB3659E21BDA10A400BF087A /* redLogo@2x.png */; };
/* End PBXBuildFile section */

/* Begin PBXFileReference section */
		FB3659721BDA0B5400BF087A /* WaveRefresh.app */ = {isa = PBXFileReference; explicitFileType = wrapper.application; includeInIndex = 0; path = WaveRefresh.app; sourceTree = BUILT_PRODUCTS_DIR; };
		FB3659761BDA0B5400BF087A /* main.m */ = {isa = PBXFileReference; lastKnownFileType = sourcecode.c.objc; path = main.m; sourceTree = "<group>"; };
		FB3659781BDA0B5400BF087A /* AppDelegate.h */ = {isa = PBXFileReference; lastKnownFileType = sourcecode.c.h; path = AppDelegate.h; sourceTree = "<group>"; };
		FB3659791BDA0B5400BF087A /* AppDelegate.m */ = {isa = PBXFileReference; lastKnownFileType = sourcecode.c.objc; path = AppDelegate.m; sourceTree = "<group>"; };
		FB36597B1BDA0B5400BF087A /* ViewController.h */ = {isa = PBXFileReference; lastKnownFileType = sourcecode.c.h; path = ViewController.h; sourceTree = "<group>"; };
		FB36597C1BDA0B5400BF087A /* ViewController.m */ = {isa = PBXFileReference; lastKnownFileType = sourcecode.c.objc; path = ViewController.m; sourceTree = "<group>"; };
		FB36597F1BDA0B5400BF087A /* Base */ = {isa = PBXFileReference; lastKnownFileType = file.storyboard; name = Base; path = Base.lproj/Main.storyboard; sourceTree = "<group>"; };
		FB3659811BDA0B5400BF087A /* Assets.xcassets */ = {isa = PBXFileReference; lastKnownFileType = folder.assetcatalog; path = Assets.xcassets; sourceTree = "<group>"; };
		FB3659841BDA0B5400BF087A /* Base */ = {isa = PBXFileReference; lastKnownFileType = file.storyboard; name = Base; path = Base.lproj/LaunchScreen.storyboard; sourceTree = "<group>"; };
		FB3659861BDA0B5400BF087A /* Info.plist */ = {isa = PBXFileReference; lastKnownFileType = text.plist.xml; path = Info.plist; sourceTree = "<group>"; };
		FB36598D1BDA0B6800BF087A /* BoRefreshAnimation.h */ = {isa = PBXFileReference; fileEncoding = 4; lastKnownFileType = sourcecode.c.h; path = BoRefreshAnimation.h; sourceTree = "<group>"; };
		FB36598E1BDA0B6800BF087A /* BoRefreshAnimation.m */ = {isa = PBXFileReference; fileEncoding = 4; lastKnownFileType = sourcecode.c.objc; path = BoRefreshAnimation.m; sourceTree = "<group>"; };
		FB36598F1BDA0B6800BF087A /* BoRefreshAutoStateFooter.h */ = {isa = PBXFileReference; fileEncoding = 4; lastKnownFileType = sourcecode.c.h; path = BoRefreshAutoStateFooter.h; sourceTree = "<group>"; };
		FB3659901BDA0B6800BF087A /* BoRefreshAutoStateFooter.m */ = {isa = PBXFileReference; fileEncoding = 4; lastKnownFileType = sourcecode.c.objc; path = BoRefreshAutoStateFooter.m; sourceTree = "<group>"; };
		FB3659911BDA0B6800BF087A /* BoRefreshHeader.h */ = {isa = PBXFileReference; fileEncoding = 4; lastKnownFileType = sourcecode.c.h; path = BoRefreshHeader.h; sourceTree = "<group>"; };
		FB3659921BDA0B6800BF087A /* BoRefreshHeader.m */ = {isa = PBXFileReference; fileEncoding = 4; lastKnownFileType = sourcecode.c.objc; path = BoRefreshHeader.m; sourceTree = "<group>"; };
		FB3659961BDA0B9000BF087A /* lightGrayLogo@2x.png */ = {isa = PBXFileReference; lastKnownFileType = image.png; path = "lightGrayLogo@2x.png"; sourceTree = "<group>"; };
		FB3659981BDA0B9900BF087A /* grayLogo@2x.png */ = {isa = PBXFileReference; lastKnownFileType = image.png; path = "grayLogo@2x.png"; sourceTree = "<group>"; };
		FB36599C1BDA0BAE00BF087A /* MJRefreshAutoFooter.h */ = {isa = PBXFileReference; fileEncoding = 4; lastKnownFileType = sourcecode.c.h; path = MJRefreshAutoFooter.h; sourceTree = "<group>"; };
		FB36599D1BDA0BAE00BF087A /* MJRefreshAutoFooter.m */ = {isa = PBXFileReference; fileEncoding = 4; lastKnownFileType = sourcecode.c.objc; path = MJRefreshAutoFooter.m; sourceTree = "<group>"; };
		FB36599E1BDA0BAE00BF087A /* MJRefreshBackFooter.h */ = {isa = PBXFileReference; fileEncoding = 4; lastKnownFileType = sourcecode.c.h; path = MJRefreshBackFooter.h; sourceTree = "<group>"; };
		FB36599F1BDA0BAE00BF087A /* MJRefreshBackFooter.m */ = {isa = PBXFileReference; fileEncoding = 4; lastKnownFileType = sourcecode.c.objc; path = MJRefreshBackFooter.m; sourceTree = "<group>"; };
		FB3659A01BDA0BAE00BF087A /* MJRefreshComponent.h */ = {isa = PBXFileReference; fileEncoding = 4; lastKnownFileType = sourcecode.c.h; path = MJRefreshComponent.h; sourceTree = "<group>"; };
		FB3659A11BDA0BAE00BF087A /* MJRefreshComponent.m */ = {isa = PBXFileReference; fileEncoding = 4; lastKnownFileType = sourcecode.c.objc; path = MJRefreshComponent.m; sourceTree = "<group>"; };
		FB3659A21BDA0BAE00BF087A /* MJRefreshFooter.h */ = {isa = PBXFileReference; fileEncoding = 4; lastKnownFileType = sourcecode.c.h; path = MJRefreshFooter.h; sourceTree = "<group>"; };
		FB3659A31BDA0BAE00BF087A /* MJRefreshFooter.m */ = {isa = PBXFileReference; fileEncoding = 4; lastKnownFileType = sourcecode.c.objc; path = MJRefreshFooter.m; sourceTree = "<group>"; };
		FB3659A41BDA0BAE00BF087A /* MJRefreshHeader.h */ = {isa = PBXFileReference; fileEncoding = 4; lastKnownFileType = sourcecode.c.h; path = MJRefreshHeader.h; sourceTree = "<group>"; };
		FB3659A51BDA0BAE00BF087A /* MJRefreshHeader.m */ = {isa = PBXFileReference; fileEncoding = 4; lastKnownFileType = sourcecode.c.objc; path = MJRefreshHeader.m; sourceTree = "<group>"; };
		FB3659A91BDA0BAE00BF087A /* MJRefreshAutoGifFooter.h */ = {isa = PBXFileReference; fileEncoding = 4; lastKnownFileType = sourcecode.c.h; path = MJRefreshAutoGifFooter.h; sourceTree = "<group>"; };
		FB3659AA1BDA0BAE00BF087A /* MJRefreshAutoGifFooter.m */ = {isa = PBXFileReference; fileEncoding = 4; lastKnownFileType = sourcecode.c.objc; path = MJRefreshAutoGifFooter.m; sourceTree = "<group>"; };
		FB3659AB1BDA0BAE00BF087A /* MJRefreshAutoNormalFooter.h */ = {isa = PBXFileReference; fileEncoding = 4; lastKnownFileType = sourcecode.c.h; path = MJRefreshAutoNormalFooter.h; sourceTree = "<group>"; };
		FB3659AC1BDA0BAE00BF087A /* MJRefreshAutoNormalFooter.m */ = {isa = PBXFileReference; fileEncoding = 4; lastKnownFileType = sourcecode.c.objc; path = MJRefreshAutoNormalFooter.m; sourceTree = "<group>"; };
		FB3659AD1BDA0BAE00BF087A /* MJRefreshAutoStateFooter.h */ = {isa = PBXFileReference; fileEncoding = 4; lastKnownFileType = sourcecode.c.h; path = MJRefreshAutoStateFooter.h; sourceTree = "<group>"; };
		FB3659AE1BDA0BAE00BF087A /* MJRefreshAutoStateFooter.m */ = {isa = PBXFileReference; fileEncoding = 4; lastKnownFileType = sourcecode.c.objc; path = MJRefreshAutoStateFooter.m; sourceTree = "<group>"; };
		FB3659B01BDA0BAE00BF087A /* MJRefreshBackGifFooter.h */ = {isa = PBXFileReference; fileEncoding = 4; lastKnownFileType = sourcecode.c.h; path = MJRefreshBackGifFooter.h; sourceTree = "<group>"; };
		FB3659B11BDA0BAE00BF087A /* MJRefreshBackGifFooter.m */ = {isa = PBXFileReference; fileEncoding = 4; lastKnownFileType = sourcecode.c.objc; path = MJRefreshBackGifFooter.m; sourceTree = "<group>"; };
		FB3659B21BDA0BAE00BF087A /* MJRefreshBackNormalFooter.h */ = {isa = PBXFileReference; fileEncoding = 4; lastKnownFileType = sourcecode.c.h; path = MJRefreshBackNormalFooter.h; sourceTree = "<group>"; };
		FB3659B31BDA0BAE00BF087A /* MJRefreshBackNormalFooter.m */ = {isa = PBXFileReference; fileEncoding = 4; lastKnownFileType = sourcecode.c.objc; path = MJRefreshBackNormalFooter.m; sourceTree = "<group>"; };
		FB3659B41BDA0BAE00BF087A /* MJRefreshBackStateFooter.h */ = {isa = PBXFileReference; fileEncoding = 4; lastKnownFileType = sourcecode.c.h; path = MJRefreshBackStateFooter.h; sourceTree = "<group>"; };
		FB3659B51BDA0BAE00BF087A /* MJRefreshBackStateFooter.m */ = {isa = PBXFileReference; fileEncoding = 4; lastKnownFileType = sourcecode.c.objc; path = MJRefreshBackStateFooter.m; sourceTree = "<group>"; };
		FB3659B71BDA0BAE00BF087A /* MJRefreshGifHeader.h */ = {isa = PBXFileReference; fileEncoding = 4; lastKnownFileType = sourcecode.c.h; path = MJRefreshGifHeader.h; sourceTree = "<group>"; };
		FB3659B81BDA0BAE00BF087A /* MJRefreshGifHeader.m */ = {isa = PBXFileReference; fileEncoding = 4; lastKnownFileType = sourcecode.c.objc; path = MJRefreshGifHeader.m; sourceTree = "<group>"; };
		FB3659B91BDA0BAE00BF087A /* MJRefreshNormalHeader.h */ = {isa = PBXFileReference; fileEncoding = 4; lastKnownFileType = sourcecode.c.h; path = MJRefreshNormalHeader.h; sourceTree = "<group>"; };
		FB3659BA1BDA0BAE00BF087A /* MJRefreshNormalHeader.m */ = {isa = PBXFileReference; fileEncoding = 4; lastKnownFileType = sourcecode.c.objc; path = MJRefreshNormalHeader.m; sourceTree = "<group>"; };
		FB3659BB1BDA0BAE00BF087A /* MJRefreshStateHeader.h */ = {isa = PBXFileReference; fileEncoding = 4; lastKnownFileType = sourcecode.c.h; path = MJRefreshStateHeader.h; sourceTree = "<group>"; };
		FB3659BC1BDA0BAE00BF087A /* MJRefreshStateHeader.m */ = {isa = PBXFileReference; fileEncoding = 4; lastKnownFileType = sourcecode.c.objc; path = MJRefreshStateHeader.m; sourceTree = "<group>"; };
		FB3659BD1BDA0BAE00BF087A /* MJRefresh.bundle */ = {isa = PBXFileReference; lastKnownFileType = "wrapper.plug-in"; path = MJRefresh.bundle; sourceTree = "<group>"; };
		FB3659BE1BDA0BAE00BF087A /* MJRefresh.h */ = {isa = PBXFileReference; fileEncoding = 4; lastKnownFileType = sourcecode.c.h; path = MJRefresh.h; sourceTree = "<group>"; };
		FB3659BF1BDA0BAE00BF087A /* MJRefreshConst.h */ = {isa = PBXFileReference; fileEncoding = 4; lastKnownFileType = sourcecode.c.h; path = MJRefreshConst.h; sourceTree = "<group>"; };
		FB3659C01BDA0BAE00BF087A /* MJRefreshConst.m */ = {isa = PBXFileReference; fileEncoding = 4; lastKnownFileType = sourcecode.c.objc; path = MJRefreshConst.m; sourceTree = "<group>"; };
		FB3659C11BDA0BAE00BF087A /* UIScrollView+MJExtension.h */ = {isa = PBXFileReference; fileEncoding = 4; lastKnownFileType = sourcecode.c.h; path = "UIScrollView+MJExtension.h"; sourceTree = "<group>"; };
		FB3659C21BDA0BAE00BF087A /* UIScrollView+MJExtension.m */ = {isa = PBXFileReference; fileEncoding = 4; lastKnownFileType = sourcecode.c.objc; path = "UIScrollView+MJExtension.m"; sourceTree = "<group>"; };
		FB3659C31BDA0BAE00BF087A /* UIScrollView+MJRefresh.h */ = {isa = PBXFileReference; fileEncoding = 4; lastKnownFileType = sourcecode.c.h; path = "UIScrollView+MJRefresh.h"; sourceTree = "<group>"; };
		FB3659C41BDA0BAE00BF087A /* UIScrollView+MJRefresh.m */ = {isa = PBXFileReference; fileEncoding = 4; lastKnownFileType = sourcecode.c.objc; path = "UIScrollView+MJRefresh.m"; sourceTree = "<group>"; };
		FB3659C51BDA0BAE00BF087A /* UIView+MJExtension.h */ = {isa = PBXFileReference; fileEncoding = 4; lastKnownFileType = sourcecode.c.h; path = "UIView+MJExtension.h"; sourceTree = "<group>"; };
		FB3659C61BDA0BAE00BF087A /* UIView+MJExtension.m */ = {isa = PBXFileReference; fileEncoding = 4; lastKnownFileType = sourcecode.c.objc; path = "UIView+MJExtension.m"; sourceTree = "<group>"; };
		FB3659DA1BDA0BC400BF087A /* UIView+Additions.h */ = {isa = PBXFileReference; fileEncoding = 4; lastKnownFileType = sourcecode.c.h; path = "UIView+Additions.h"; sourceTree = "<group>"; };
		FB3659DB1BDA0BC400BF087A /* UIView+Additions.m */ = {isa = PBXFileReference; fileEncoding = 4; lastKnownFileType = sourcecode.c.objc; path = "UIView+Additions.m"; sourceTree = "<group>"; };
		FB3659DE1BDA0CF200BF087A /* iOS-Prefix.pch */ = {isa = PBXFileReference; fileEncoding = 4; lastKnownFileType = sourcecode.c.h; path = "iOS-Prefix.pch"; sourceTree = "<group>"; };
		FB3659E21BDA10A400BF087A /* redLogo@2x.png */ = {isa = PBXFileReference; lastKnownFileType = image.png; path = "redLogo@2x.png"; sourceTree = "<group>"; };
/* End PBXFileReference section */

/* Begin PBXFrameworksBuildPhase section */
		FB36596F1BDA0B5400BF087A /* Frameworks */ = {
			isa = PBXFrameworksBuildPhase;
			buildActionMask = 2147483647;
			files = (
			);
			runOnlyForDeploymentPostprocessing = 0;
		};
/* End PBXFrameworksBuildPhase section */

/* Begin PBXGroup section */
		FB3659691BDA0B5400BF087A = {
			isa = PBXGroup;
			children = (
				FB3659741BDA0B5400BF087A /* WaveRefresh */,
				FB3659731BDA0B5400BF087A /* Products */,
			);
			sourceTree = "<group>";
		};
		FB3659731BDA0B5400BF087A /* Products */ = {
			isa = PBXGroup;
			children = (
				FB3659721BDA0B5400BF087A /* WaveRefresh.app */,
			);
			name = Products;
			sourceTree = "<group>";
		};
		FB3659741BDA0B5400BF087A /* WaveRefresh */ = {
			isa = PBXGroup;
			children = (
				FB36599A1BDA0BAE00BF087A /* MJRefresh */,
				FB36598C1BDA0B6800BF087A /* TableRefresh */,
				FB3659781BDA0B5400BF087A /* AppDelegate.h */,
				FB3659791BDA0B5400BF087A /* AppDelegate.m */,
				FB36597B1BDA0B5400BF087A /* ViewController.h */,
				FB36597C1BDA0B5400BF087A /* ViewController.m */,
				FB36597E1BDA0B5400BF087A /* Main.storyboard */,
				FB3659811BDA0B5400BF087A /* Assets.xcassets */,
				FB3659831BDA0B5400BF087A /* LaunchScreen.storyboard */,
				FB3659751BDA0B5400BF087A /* Supporting Files */,
			);
			path = WaveRefresh;
			sourceTree = "<group>";
		};
		FB3659751BDA0B5400BF087A /* Supporting Files */ = {
			isa = PBXGroup;
			children = (
				FB3659861BDA0B5400BF087A /* Info.plist */,
				FB3659961BDA0B9000BF087A /* lightGrayLogo@2x.png */,
				FB3659E21BDA10A400BF087A /* redLogo@2x.png */,
				FB3659981BDA0B9900BF087A /* grayLogo@2x.png */,
				FB3659DE1BDA0CF200BF087A /* iOS-Prefix.pch */,
				FB3659DA1BDA0BC400BF087A /* UIView+Additions.h */,
				FB3659DB1BDA0BC400BF087A /* UIView+Additions.m */,
				FB3659761BDA0B5400BF087A /* main.m */,
			);
			name = "Supporting Files";
			sourceTree = "<group>";
		};
		FB36598C1BDA0B6800BF087A /* TableRefresh */ = {
			isa = PBXGroup;
			children = (
				FB36598D1BDA0B6800BF087A /* BoRefreshAnimation.h */,
				FB36598E1BDA0B6800BF087A /* BoRefreshAnimation.m */,
				FB36598F1BDA0B6800BF087A /* BoRefreshAutoStateFooter.h */,
				FB3659901BDA0B6800BF087A /* BoRefreshAutoStateFooter.m */,
				FB3659911BDA0B6800BF087A /* BoRefreshHeader.h */,
				FB3659921BDA0B6800BF087A /* BoRefreshHeader.m */,
			);
			path = TableRefresh;
			sourceTree = "<group>";
		};
		FB36599A1BDA0BAE00BF087A /* MJRefresh */ = {
			isa = PBXGroup;
			children = (
				FB36599B1BDA0BAE00BF087A /* Base */,
				FB3659A61BDA0BAE00BF087A /* Custom */,
				FB3659BD1BDA0BAE00BF087A /* MJRefresh.bundle */,
				FB3659BE1BDA0BAE00BF087A /* MJRefresh.h */,
				FB3659BF1BDA0BAE00BF087A /* MJRefreshConst.h */,
				FB3659C01BDA0BAE00BF087A /* MJRefreshConst.m */,
				FB3659C11BDA0BAE00BF087A /* UIScrollView+MJExtension.h */,
				FB3659C21BDA0BAE00BF087A /* UIScrollView+MJExtension.m */,
				FB3659C31BDA0BAE00BF087A /* UIScrollView+MJRefresh.h */,
				FB3659C41BDA0BAE00BF087A /* UIScrollView+MJRefresh.m */,
				FB3659C51BDA0BAE00BF087A /* UIView+MJExtension.h */,
				FB3659C61BDA0BAE00BF087A /* UIView+MJExtension.m */,
			);
			path = MJRefresh;
			sourceTree = "<group>";
		};
		FB36599B1BDA0BAE00BF087A /* Base */ = {
			isa = PBXGroup;
			children = (
				FB36599C1BDA0BAE00BF087A /* MJRefreshAutoFooter.h */,
				FB36599D1BDA0BAE00BF087A /* MJRefreshAutoFooter.m */,
				FB36599E1BDA0BAE00BF087A /* MJRefreshBackFooter.h */,
				FB36599F1BDA0BAE00BF087A /* MJRefreshBackFooter.m */,
				FB3659A01BDA0BAE00BF087A /* MJRefreshComponent.h */,
				FB3659A11BDA0BAE00BF087A /* MJRefreshComponent.m */,
				FB3659A21BDA0BAE00BF087A /* MJRefreshFooter.h */,
				FB3659A31BDA0BAE00BF087A /* MJRefreshFooter.m */,
				FB3659A41BDA0BAE00BF087A /* MJRefreshHeader.h */,
				FB3659A51BDA0BAE00BF087A /* MJRefreshHeader.m */,
			);
			path = Base;
			sourceTree = "<group>";
		};
		FB3659A61BDA0BAE00BF087A /* Custom */ = {
			isa = PBXGroup;
			children = (
				FB3659A71BDA0BAE00BF087A /* Footer */,
				FB3659B61BDA0BAE00BF087A /* Header */,
			);
			path = Custom;
			sourceTree = "<group>";
		};
		FB3659A71BDA0BAE00BF087A /* Footer */ = {
			isa = PBXGroup;
			children = (
				FB3659A81BDA0BAE00BF087A /* Auto */,
				FB3659AF1BDA0BAE00BF087A /* Back */,
			);
			path = Footer;
			sourceTree = "<group>";
		};
		FB3659A81BDA0BAE00BF087A /* Auto */ = {
			isa = PBXGroup;
			children = (
				FB3659A91BDA0BAE00BF087A /* MJRefreshAutoGifFooter.h */,
				FB3659AA1BDA0BAE00BF087A /* MJRefreshAutoGifFooter.m */,
				FB3659AB1BDA0BAE00BF087A /* MJRefreshAutoNormalFooter.h */,
				FB3659AC1BDA0BAE00BF087A /* MJRefreshAutoNormalFooter.m */,
				FB3659AD1BDA0BAE00BF087A /* MJRefreshAutoStateFooter.h */,
				FB3659AE1BDA0BAE00BF087A /* MJRefreshAutoStateFooter.m */,
			);
			path = Auto;
			sourceTree = "<group>";
		};
		FB3659AF1BDA0BAE00BF087A /* Back */ = {
			isa = PBXGroup;
			children = (
				FB3659B01BDA0BAE00BF087A /* MJRefreshBackGifFooter.h */,
				FB3659B11BDA0BAE00BF087A /* MJRefreshBackGifFooter.m */,
				FB3659B21BDA0BAE00BF087A /* MJRefreshBackNormalFooter.h */,
				FB3659B31BDA0BAE00BF087A /* MJRefreshBackNormalFooter.m */,
				FB3659B41BDA0BAE00BF087A /* MJRefreshBackStateFooter.h */,
				FB3659B51BDA0BAE00BF087A /* MJRefreshBackStateFooter.m */,
			);
			path = Back;
			sourceTree = "<group>";
		};
		FB3659B61BDA0BAE00BF087A /* Header */ = {
			isa = PBXGroup;
			children = (
				FB3659B71BDA0BAE00BF087A /* MJRefreshGifHeader.h */,
				FB3659B81BDA0BAE00BF087A /* MJRefreshGifHeader.m */,
				FB3659B91BDA0BAE00BF087A /* MJRefreshNormalHeader.h */,
				FB3659BA1BDA0BAE00BF087A /* MJRefreshNormalHeader.m */,
				FB3659BB1BDA0BAE00BF087A /* MJRefreshStateHeader.h */,
				FB3659BC1BDA0BAE00BF087A /* MJRefreshStateHeader.m */,
			);
			path = Header;
			sourceTree = "<group>";
		};
/* End PBXGroup section */

/* Begin PBXNativeTarget section */
		FB3659711BDA0B5400BF087A /* WaveRefresh */ = {
			isa = PBXNativeTarget;
			buildConfigurationList = FB3659891BDA0B5400BF087A /* Build configuration list for PBXNativeTarget "WaveRefresh" */;
			buildPhases = (
				FB36596E1BDA0B5400BF087A /* Sources */,
				FB36596F1BDA0B5400BF087A /* Frameworks */,
				FB3659701BDA0B5400BF087A /* Resources */,
			);
			buildRules = (
			);
			dependencies = (
			);
			name = WaveRefresh;
			productName = WaveRefresh;
			productReference = FB3659721BDA0B5400BF087A /* WaveRefresh.app */;
			productType = "com.apple.product-type.application";
		};
/* End PBXNativeTarget section */

/* Begin PBXProject section */
		FB36596A1BDA0B5400BF087A /* Project object */ = {
			isa = PBXProject;
			attributes = {
				LastUpgradeCheck = 0710;
				ORGANIZATIONNAME = com.alienjun.demo;
				TargetAttributes = {
					FB3659711BDA0B5400BF087A = {
						CreatedOnToolsVersion = 7.1;
					};
				};
			};
			buildConfigurationList = FB36596D1BDA0B5400BF087A /* Build configuration list for PBXProject "WaveRefresh" */;
			compatibilityVersion = "Xcode 3.2";
			developmentRegion = English;
			hasScannedForEncodings = 0;
			knownRegions = (
				en,
				Base,
			);
			mainGroup = FB3659691BDA0B5400BF087A;
			productRefGroup = FB3659731BDA0B5400BF087A /* Products */;
			projectDirPath = "";
			projectRoot = "";
			targets = (
				FB3659711BDA0B5400BF087A /* WaveRefresh */,
			);
		};
/* End PBXProject section */

/* Begin PBXResourcesBuildPhase section */
		FB3659701BDA0B5400BF087A /* Resources */ = {
			isa = PBXResourcesBuildPhase;
			buildActionMask = 2147483647;
			files = (
				FB3659E31BDA10A400BF087A /* redLogo@2x.png in Resources */,
				FB3659851BDA0B5400BF087A /* LaunchScreen.storyboard in Resources */,
				FB3659971BDA0B9000BF087A /* lightGrayLogo@2x.png in Resources */,
				FB3659D51BDA0BAE00BF087A /* MJRefresh.bundle in Resources */,
				FB3659991BDA0B9900BF087A /* grayLogo@2x.png in Resources */,
				FB3659821BDA0B5400BF087A /* Assets.xcassets in Resources */,
				FB3659801BDA0B5400BF087A /* Main.storyboard in Resources */,
			);
			runOnlyForDeploymentPostprocessing = 0;
		};
/* End PBXResourcesBuildPhase section */

/* Begin PBXSourcesBuildPhase section */
		FB36596E1BDA0B5400BF087A /* Sources */ = {
			isa = PBXSourcesBuildPhase;
			buildActionMask = 2147483647;
			files = (
				FB36597D1BDA0B5400BF087A /* ViewController.m in Sources */,
				FB3659C71BDA0BAE00BF087A /* MJRefreshAutoFooter.m in Sources */,
				FB3659CE1BDA0BAE00BF087A /* MJRefreshAutoStateFooter.m in Sources */,
				FB3659D11BDA0BAE00BF087A /* MJRefreshBackStateFooter.m in Sources */,
				FB36597A1BDA0B5400BF087A /* AppDelegate.m in Sources */,
				FB3659D41BDA0BAE00BF087A /* MJRefreshStateHeader.m in Sources */,
				FB3659771BDA0B5400BF087A /* main.m in Sources */,
				FB3659D91BDA0BAE00BF087A /* UIView+MJExtension.m in Sources */,
				FB3659D21BDA0BAE00BF087A /* MJRefreshGifHeader.m in Sources */,
				FB3659D71BDA0BAE00BF087A /* UIScrollView+MJExtension.m in Sources */,
				FB3659D01BDA0BAE00BF087A /* MJRefreshBackNormalFooter.m in Sources */,
				FB3659931BDA0B6800BF087A /* BoRefreshAnimation.m in Sources */,
				FB3659C91BDA0BAE00BF087A /* MJRefreshComponent.m in Sources */,
				FB3659DC1BDA0BC400BF087A /* UIView+Additions.m in Sources */,
				FB3659CD1BDA0BAE00BF087A /* MJRefreshAutoNormalFooter.m in Sources */,
				FB3659941BDA0B6800BF087A /* BoRefreshAutoStateFooter.m in Sources */,
				FB3659CC1BDA0BAE00BF087A /* MJRefreshAutoGifFooter.m in Sources */,
				FB3659C81BDA0BAE00BF087A /* MJRefreshBackFooter.m in Sources */,
				FB3659951BDA0B6800BF087A /* BoRefreshHeader.m in Sources */,
				FB3659CA1BDA0BAE00BF087A /* MJRefreshFooter.m in Sources */,
				FB3659D81BDA0BAE00BF087A /* UIScrollView+MJRefresh.m in Sources */,
				FB3659D61BDA0BAE00BF087A /* MJRefreshConst.m in Sources */,
				FB3659CF1BDA0BAE00BF087A /* MJRefreshBackGifFooter.m in Sources */,
				FB3659CB1BDA0BAE00BF087A /* MJRefreshHeader.m in Sources */,
				FB3659D31BDA0BAE00BF087A /* MJRefreshNormalHeader.m in Sources */,
			);
			runOnlyForDeploymentPostprocessing = 0;
		};
/* End PBXSourcesBuildPhase section */

/* Begin PBXVariantGroup section */
		FB36597E1BDA0B5400BF087A /* Main.storyboard */ = {
			isa = PBXVariantGroup;
			children = (
				FB36597F1BDA0B5400BF087A /* Base */,
			);
			name = Main.storyboard;
			sourceTree = "<group>";
		};
		FB3659831BDA0B5400BF087A /* LaunchScreen.storyboard */ = {
			isa = PBXVariantGroup;
			children = (
				FB3659841BDA0B5400BF087A /* Base */,
			);
			name = LaunchScreen.storyboard;
			sourceTree = "<group>";
		};
/* End PBXVariantGroup section */

/* Begin XCBuildConfiguration section */
		FB3659871BDA0B5400BF087A /* Debug */ = {
			isa = XCBuildConfiguration;
			buildSettings = {
				ALWAYS_SEARCH_USER_PATHS = NO;
				CLANG_CXX_LANGUAGE_STANDARD = "gnu++0x";
				CLANG_CXX_LIBRARY = "libc++";
				CLANG_ENABLE_MODULES = YES;
				CLANG_ENABLE_OBJC_ARC = YES;
				CLANG_WARN_BOOL_CONVERSION = YES;
				CLANG_WARN_CONSTANT_CONVERSION = YES;
				CLANG_WARN_DIRECT_OBJC_ISA_USAGE = YES_ERROR;
				CLANG_WARN_EMPTY_BODY = YES;
				CLANG_WARN_ENUM_CONVERSION = YES;
				CLANG_WARN_INT_CONVERSION = YES;
				CLANG_WARN_OBJC_ROOT_CLASS = YES_ERROR;
				CLANG_WARN_UNREACHABLE_CODE = YES;
				CLANG_WARN__DUPLICATE_METHOD_MATCH = YES;
				"CODE_SIGN_IDENTITY[sdk=iphoneos*]" = "iPhone Developer";
				COPY_PHASE_STRIP = NO;
				DEBUG_INFORMATION_FORMAT = dwarf;
				ENABLE_STRICT_OBJC_MSGSEND = YES;
				ENABLE_TESTABILITY = YES;
				GCC_C_LANGUAGE_STANDARD = gnu99;
				GCC_DYNAMIC_NO_PIC = NO;
				GCC_NO_COMMON_BLOCKS = YES;
				GCC_OPTIMIZATION_LEVEL = 0;
				GCC_PREPROCESSOR_DEFINITIONS = (
					"DEBUG=1",
					"$(inherited)",
				);
				GCC_WARN_64_TO_32_BIT_CONVERSION = YES;
				GCC_WARN_ABOUT_RETURN_TYPE = YES_ERROR;
				GCC_WARN_UNDECLARED_SELECTOR = YES;
				GCC_WARN_UNINITIALIZED_AUTOS = YES_AGGRESSIVE;
				GCC_WARN_UNUSED_FUNCTION = YES;
				GCC_WARN_UNUSED_VARIABLE = YES;
				IPHONEOS_DEPLOYMENT_TARGET = 9.1;
				MTL_ENABLE_DEBUG_INFO = YES;
				ONLY_ACTIVE_ARCH = YES;
				SDKROOT = iphoneos;
			};
			name = Debug;
		};
		FB3659881BDA0B5400BF087A /* Release */ = {
			isa = XCBuildConfiguration;
			buildSettings = {
				ALWAYS_SEARCH_USER_PATHS = NO;
				CLANG_CXX_LANGUAGE_STANDARD = "gnu++0x";
				CLANG_CXX_LIBRARY = "libc++";
				CLANG_ENABLE_MODULES = YES;
				CLANG_ENABLE_OBJC_ARC = YES;
				CLANG_WARN_BOOL_CONVERSION = YES;
				CLANG_WARN_CONSTANT_CONVERSION = YES;
				CLANG_WARN_DIRECT_OBJC_ISA_USAGE = YES_ERROR;
				CLANG_WARN_EMPTY_BODY = YES;
				CLANG_WARN_ENUM_CONVERSION = YES;
				CLANG_WARN_INT_CONVERSION = YES;
				CLANG_WARN_OBJC_ROOT_CLASS = YES_ERROR;
				CLANG_WARN_UNREACHABLE_CODE = YES;
				CLANG_WARN__DUPLICATE_METHOD_MATCH = YES;
				"CODE_SIGN_IDENTITY[sdk=iphoneos*]" = "iPhone Developer";
				COPY_PHASE_STRIP = NO;
				DEBUG_INFORMATION_FORMAT = "dwarf-with-dsym";
				ENABLE_NS_ASSERTIONS = NO;
				ENABLE_STRICT_OBJC_MSGSEND = YES;
				GCC_C_LANGUAGE_STANDARD = gnu99;
				GCC_NO_COMMON_BLOCKS = YES;
				GCC_WARN_64_TO_32_BIT_CONVERSION = YES;
				GCC_WARN_ABOUT_RETURN_TYPE = YES_ERROR;
				GCC_WARN_UNDECLARED_SELECTOR = YES;
				GCC_WARN_UNINITIALIZED_AUTOS = YES_AGGRESSIVE;
				GCC_WARN_UNUSED_FUNCTION = YES;
				GCC_WARN_UNUSED_VARIABLE = YES;
				IPHONEOS_DEPLOYMENT_TARGET = 9.1;
				MTL_ENABLE_DEBUG_INFO = NO;
				SDKROOT = iphoneos;
				VALIDATE_PRODUCT = YES;
			};
			name = Release;
		};
		FB36598A1BDA0B5400BF087A /* Debug */ = {
			isa = XCBuildConfiguration;
			buildSettings = {
				ASSETCATALOG_COMPILER_APPICON_NAME = AppIcon;
				GCC_PRECOMPILE_PREFIX_HEADER = YES;
				GCC_PREFIX_HEADER = "WaveRefresh/iOS-Prefix.pch";
				INFOPLIST_FILE = WaveRefresh/Info.plist;
				LD_RUNPATH_SEARCH_PATHS = "$(inherited) @executable_path/Frameworks";
				PRODUCT_BUNDLE_IDENTIFIER = com.alienjun.demo.WaveRefresh;
				PRODUCT_NAME = "$(TARGET_NAME)";
			};
			name = Debug;
		};
		FB36598B1BDA0B5400BF087A /* Release */ = {
			isa = XCBuildConfiguration;
			buildSettings = {
				ASSETCATALOG_COMPILER_APPICON_NAME = AppIcon;
				GCC_PRECOMPILE_PREFIX_HEADER = YES;
				GCC_PREFIX_HEADER = "WaveRefresh/iOS-Prefix.pch";
				INFOPLIST_FILE = WaveRefresh/Info.plist;
				LD_RUNPATH_SEARCH_PATHS = "$(inherited) @executable_path/Frameworks";
				PRODUCT_BUNDLE_IDENTIFIER = com.alienjun.demo.WaveRefresh;
				PRODUCT_NAME = "$(TARGET_NAME)";
			};
			name = Release;
		};
/* End XCBuildConfiguration section */

/* Begin XCConfigurationList section */
		FB36596D1BDA0B5400BF087A /* Build configuration list for PBXProject "WaveRefresh" */ = {
			isa = XCConfigurationList;
			buildConfigurations = (
				FB3659871BDA0B5400BF087A /* Debug */,
				FB3659881BDA0B5400BF087A /* Release */,
			);
			defaultConfigurationIsVisible = 0;
			defaultConfigurationName = Release;
		};
		FB3659891BDA0B5400BF087A /* Build configuration list for PBXNativeTarget "WaveRefresh" */ = {
			isa = XCConfigurationList;
			buildConfigurations = (
				FB36598A1BDA0B5400BF087A /* Debug */,
				FB36598B1BDA0B5400BF087A /* Release */,
			);
			defaultConfigurationIsVisible = 0;
		};
/* End XCConfigurationList section */
	};
	rootObject = FB36596A1BDA0B5400BF087A /* Project object */;
}
